{
  "name": "handy-scroll-page",
  "version": "2.0.3",
  "lockfileVersion": 3,
  "requires": true,
  "packages": {
    "": {
      "name": "handy-scroll-page",
      "version": "2.0.3",
      "license": "MIT",
      "devDependencies": {
        "lightningcss-cli": "^1.30.2",
        "normalize.css": "^8.0.1"
      }
    },
    "node_modules/detect-libc": {
      "version": "2.1.2",
      "resolved": "https://registry.npmjs.org/detect-libc/-/detect-libc-2.1.2.tgz",
      "integrity": "sha512-Btj2BOOO83o3WyH59e8MgXsxEQVcarkUOpEYrubB0urwnN10yQ364rsiByU11nZlqWYZm05i/of7io4mzihBtQ==",
      "dev": true,
      "license": "Apache-2.0",
      "engines": {
        "node": ">=8"
      }
    },
    "node_modules/lightningcss-cli": {
      "version": "1.30.2",
      "resolved": "https://registry.npmjs.org/lightningcss-cli/-/lightningcss-cli-1.30.2.tgz",
      "integrity": "sha512-vTm/775SqvQ74T0y4twiqjopXV6SnAFguuRpnbKUE9aXxqJGxWJoHS77ZRkJj3dKmnD61ejOawg3FBiTT8/3Tw==",
      "dev": true,
      "hasInstallScript": true,
      "license": "MPL-2.0",
      "dependencies": {
        "detect-libc": "^2.0.3"
      },
      "bin": {
        "lightningcss": "lightningcss"
      },
      "engines": {
        "node": ">= 12.0.0"
      },
      "funding": {
        "type": "opencollective",
        "url": "https://opencollective.com/parcel"
      },
      "optionalDependencies": {
        "lightningcss-cli-android-arm64": "1.30.2",
        "lightningcss-cli-darwin-arm64": "1.30.2",
        "lightningcss-cli-darwin-x64": "1.30.2",
        "lightningcss-cli-freebsd-x64": "1.30.2",
        "lightningcss-cli-linux-arm-gnueabihf": "1.30.2",
        "lightningcss-cli-linux-arm64-gnu": "1.30.2",
        "lightningcss-cli-linux-arm64-musl": "1.30.2",
        "lightningcss-cli-linux-x64-gnu": "1.30.2",
        "lightningcss-cli-linux-x64-musl": "1.30.2",
        "lightningcss-cli-win32-arm64-msvc": "1.30.2",
        "lightningcss-cli-win32-x64-msvc": "1.30.2"
      }
    },
    "node_modules/lightningcss-cli-android-arm64": {
      "version": "1.30.2",
      "resolved": "https://registry.npmjs.org/lightningcss-cli-android-arm64/-/lightningcss-cli-android-arm64-1.30.2.tgz",
      "integrity": "sha512-CcntRK9yNjFRiZKwW9m4sf5WYYNOGxlD4ROymyIb+KPbsrEBAZSaknoUM1aIhuhvB/TUTtVmPKvt/Zu0LeSR7g==",
      "cpu": [
        "arm64"
      ],
      "dev": true,
      "license": "MPL-2.0",
      "optional": true,
      "os": [
        "android"
      ],
      "engines": {
        "node": ">= 12.0.0"
      },
      "funding": {
        "type": "opencollective",
        "url": "https://opencollective.com/parcel"
      }
    },
    "node_modules/lightningcss-cli-darwin-arm64": {
      "version": "1.30.2",
      "resolved": "https://registry.npmjs.org/lightningcss-cli-darwin-arm64/-/lightningcss-cli-darwin-arm64-1.30.2.tgz",
      "integrity": "sha512-Z2STTSes07R2R5tOPY85HipU+z1SwUBV2Yp5emAcqL+o5RsOAE1JWbkloQWa++8R6b/gxzD11VPM3WtCCqL8Gg==",
      "cpu": [
        "arm64"
      ],
      "dev": true,
      "license": "MPL-2.0",
      "optional": true,
      "os": [
        "darwin"
      ],
      "engines": {
        "node": ">= 12.0.0"
      },
      "funding": {
        "type": "opencollective",
        "url": "https://opencollective.com/parcel"
      }
    },
    "node_modules/lightningcss-cli-darwin-x64": {
      "version": "1.30.2",
      "resolved": "https://registry.npmjs.org/lightningcss-cli-darwin-x64/-/lightningcss-cli-darwin-x64-1.30.2.tgz",
      "integrity": "sha512-N0IGWWsLnv81sDw9i/vvaisp55uDnhoapGBEJ8lMED064CsUHpLCK7L/5B8kFj8UI97zL+xb7KTTGOHkcC8skg==",
      "cpu": [
        "x64"
      ],
      "dev": true,
      "license": "MPL-2.0",
      "optional": true,
      "os": [
        "darwin"
      ],
      "engines": {
        "node": ">= 12.0.0"
      },
      "funding": {
        "type": "opencollective",
        "url": "https://opencollective.com/parcel"
      }
    },
    "node_modules/lightningcss-cli-freebsd-x64": {
      "version": "1.30.2",
      "resolved": "https://registry.npmjs.org/lightningcss-cli-freebsd-x64/-/lightningcss-cli-freebsd-x64-1.30.2.tgz",
      "integrity": "sha512-17pN+hnxU2fPOGhGzMhPf2KZrIFFwEtrIZYshGDM/jhskJmDq57DAt5esh7PVDUjNkD7JDt3a7E9xJEVltc2Kg==",
      "cpu": [
        "x64"
      ],
      "dev": true,
      "license": "MPL-2.0",
      "optional": true,
      "os": [
        "freebsd"
      ],
      "engines": {
        "node": ">= 12.0.0"
      },
      "funding": {
        "type": "opencollective",
        "url": "https://opencollective.com/parcel"
      }
    },
    "node_modules/lightningcss-cli-linux-arm-gnueabihf": {
      "version": "1.30.2",
      "resolved": "https://registry.npmjs.org/lightningcss-cli-linux-arm-gnueabihf/-/lightningcss-cli-linux-arm-gnueabihf-1.30.2.tgz",
      "integrity": "sha512-aaeEtZXqvNWDyHYCThugev1YPGlouvY9lE+o9QJg/Z5GTNb/1EM2TaTBGEwdG5m1ChYukc2lD5CPIEHjQ7qzSA==",
      "cpu": [
        "arm"
      ],
      "dev": true,
      "license": "MPL-2.0",
      "optional": true,
      "os": [
        "linux"
      ],
      "engines": {
        "node": ">= 12.0.0"
      },
      "funding": {
        "type": "opencollective",
        "url": "https://opencollective.com/parcel"
      }
    },
    "node_modules/lightningcss-cli-linux-arm64-gnu": {
      "version": "1.30.2",
      "resolved": "https://registry.npmjs.org/lightningcss-cli-linux-arm64-gnu/-/lightningcss-cli-linux-arm64-gnu-1.30.2.tgz",
      "integrity": "sha512-XhgByx2H85MeEWGtI0XR+ugtQRBc/bvRN8gSGdXa3YqVONmACsLj7shatVHmqVOaPgtnevKVKl7wtqfN9pW96A==",
      "cpu": [
        "arm64"
      ],
      "dev": true,
      "license": "MPL-2.0",
      "optional": true,
      "os": [
        "linux"
      ],
      "engines": {
        "node": ">= 12.0.0"
      },
      "funding": {
        "type": "opencollective",
        "url": "https://opencollective.com/parcel"
      }
    },
    "node_modules/lightningcss-cli-linux-arm64-musl": {
      "version": "1.30.2",
      "resolved": "https://registry.npmjs.org/lightningcss-cli-linux-arm64-musl/-/lightningcss-cli-linux-arm64-musl-1.30.2.tgz",
      "integrity": "sha512-UR7/N/33b8sG9e07TccxJvWxvNdlMFglesdgv1fi+wMa8sbN3tBPXOGj67B5nlVWHskYD9bHLPahemRWxnNuHQ==",
      "cpu": [
        "arm64"
      ],
      "dev": true,
      "license": "MPL-2.0",
      "optional": true,
      "os": [
        "linux"
      ],
      "engines": {
        "node": ">= 12.0.0"
      },
      "funding": {
        "type": "opencollective",
        "url": "https://opencollective.com/parcel"
      }
    },
    "node_modules/lightningcss-cli-linux-x64-gnu": {
      "version": "1.30.2",
      "resolved": "https://registry.npmjs.org/lightningcss-cli-linux-x64-gnu/-/lightningcss-cli-linux-x64-gnu-1.30.2.tgz",
      "integrity": "sha512-W6U9LNo+4mCsEB22AIvtRVGp8NETN4by9U2AIRDzZbYZYb7W9+1H56xKzb/2ABQEAoDrh/7027I/XDheuGrlZg==",
      "cpu": [
        "x64"
      ],
      "dev": true,
      "license": "MPL-2.0",
      "optional": true,
      "os": [
        "linux"
      ],
      "engines": {
        "node": ">= 12.0.0"
      },
      "funding": {
        "type": "opencollective",
        "url": "https://opencollective.com/parcel"
      }
    },
    "node_modules/lightningcss-cli-linux-x64-musl": {
      "version": "1.30.2",
      "resolved": "https://registry.npmjs.org/lightningcss-cli-linux-x64-musl/-/lightningcss-cli-linux-x64-musl-1.30.2.tgz",
      "integrity": "sha512-Qe6hwTXmc37LnKPIyoY20EQgHsVoAeTUF389Bt7sJfK5JZPLm7EyVvqkO4DukCx4Dv4DSskU03o+qT1+s6UeVw==",
      "cpu": [
        "x64"
      ],
      "dev": true,
      "license": "MPL-2.0",
      "optional": true,
      "os": [
        "linux"
      ],
      "engines": {
        "node": ">= 12.0.0"
      },
      "funding": {
        "type": "opencollective",
        "url": "https://opencollective.com/parcel"
      }
    },
    "node_modules/lightningcss-cli-win32-arm64-msvc": {
      "version": "1.30.2",
      "resolved": "https://registry.npmjs.org/lightningcss-cli-win32-arm64-msvc/-/lightningcss-cli-win32-arm64-msvc-1.30.2.tgz",
      "integrity": "sha512-PZrkKHhYncBRh/Xe2Voa7t7ors+zUMU8hm5qOLgR0W5NfhbwwjLBXa3+fFF+BVdpTeyjLGF1ovzKIWSF1rMN/g==",
      "cpu": [
        "arm64"
      ],
      "dev": true,
      "license": "MPL-2.0",
      "optional": true,
      "os": [
        "win32"
      ],
      "engines": {
        "node": ">= 12.0.0"
      },
      "funding": {
        "type": "opencollective",
        "url": "https://opencollective.com/parcel"
      }
    },
    "node_modules/lightningcss-cli-win32-x64-msvc": {
      "version": "1.30.2",
      "resolved": "https://registry.npmjs.org/lightningcss-cli-win32-x64-msvc/-/lightningcss-cli-win32-x64-msvc-1.30.2.tgz",
      "integrity": "sha512-5VUIS1Dcbkcy2SDr7vBlKfwpSx2BUlZwmvoRVWA+OkkLsQhVUtLUKheJJXsOFruBn9uV8FH8KPLkvTJzuGFLyQ==",
      "cpu": [
        "x64"
      ],
      "dev": true,
      "license": "MPL-2.0",
      "optional": true,
      "os": [
        "win32"
      ],
      "engines": {
        "node": ">= 12.0.0"
      },
      "funding": {
        "type": "opencollective",
        "url": "https://opencollective.com/parcel"
      }
    },
    "node_modules/normalize.css": {
      "version": "8.0.1",
      "resolved": "https://registry.npmjs.org/normalize.css/-/normalize.css-8.0.1.tgz",
      "integrity": "sha512-qizSNPO93t1YUuUhP22btGOo3chcvDFqFaj2TRybP0DMxkHOCTYwp3n34fel4a31ORXy4m1Xq0Gyqpb5m33qIg==",
      "dev": true,
      "license": "MIT"
    }
  }
}
